
Microsoft Visual Studio Solution File, Format Version 12.00
# Visual Studio Version 16
VisualStudioVersion = 16.0.29230.47
MinimumVisualStudioVersion = 10.0.40219.1
Project("{9A19103F-16F7-4668-BE54-9A1E7A4F7556}") = "ParallelTCPServer", "ParallelTCPServer\ParallelTCPServer.csproj", "{C08BFCA0-F10B-44BE-BC6D-FB98F0BC5A37}"
EndProject
Project("{9A19103F-16F7-4668-BE54-9A1E7A4F7556}") = "ParallelTCPClient", "ParallelTCPClient\ParallelTCPClient.csproj", "{53E475B0-6893-4665-86F8-3A4FCB797D40}"
EndProject
Global
	GlobalSection(SolutionConfigurationPlatforms) = preSolution
		Debug|Any CPU = Debug|Any CPU
		Release|Any CPU = Release|Any CPU
	EndGlobalSection
	GlobalSection(ProjectConfigurationPlatforms) = postSolution
		{C08BFCA0-F10B-44BE-BC6D-FB98F0BC5A37}.Debug|Any CPU.ActiveCfg = Debug|Any CPU
		{C08BFCA0-F10B-44BE-BC6D-FB98F0BC5A37}.Debug|Any CPU.Build.0 = Debug|Any CPU
		{C08BFCA0-F10B-44BE-BC6D-FB98F0BC5A37}.Release|Any CPU.ActiveCfg = Release|Any CPU
		{C08BFCA0-F10B-44BE-BC6D-FB98F0BC5A37}.Release|Any CPU.Build.0 = Release|Any CPU
		{53E475B0-6893-4665-86F8-3A4FCB797D40}.Debug|Any CPU.ActiveCfg = Debug|Any CPU
		{53E475B0-6893-4665-86F8-3A4FCB797D40}.Debug|Any CPU.Build.0 = Debug|Any CPU
		{53E475B0-6893-4665-86F8-3A4FCB797D40}.Release|Any CPU.ActiveCfg = Release|Any CPU
		{53E475B0-6893-4665-86F8-3A4FCB797D40}.Release|Any CPU.Build.0 = Release|Any CPU
	EndGlobalSection
	GlobalSection(SolutionProperties) = preSolution
		HideSolutionNode = FALSE
	EndGlobalSection
	GlobalSection(ExtensibilityGlobals) = postSolution
		SolutionGuid = {DFDD0D71-BA96-4949-B168-FD8513F69365}
	EndGlobalSection
EndGlobal
